
Microsoft Visual Studio Solution File, Format Version 12.00
# Visual Studio Version 16
VisualStudioVersion = 16.0.30011.22
MinimumVisualStudioVersion = 10.0.40219.1
Project("{FAE04EC0-301F-11D3-BF4B-00C04F79EFBC}") = "Interface", "Interface\Interface.csproj", "{06A1FB2B-BE20-4C5F-B170-C59B51049E71}"
EndProject
Global
	GlobalSection(SolutionConfigurationPlatforms) = preSolution
		Debug|Any CPU = Debug|Any CPU
		Release|Any CPU = Release|Any CPU
	EndGlobalSection
	GlobalSection(ProjectConfigurationPlatforms) = postSolution
		{06A1FB2B-BE20-4C5F-B170-C59B51049E71}.Debug|Any CPU.ActiveCfg = Debug|Any CPU
		{06A1FB2B-BE20-4C5F-B170-C59B51049E71}.Debug|Any CPU.Build.0 = Debug|Any CPU
		{06A1FB2B-BE20-4C5F-B170-C59B51049E71}.Release|Any CPU.ActiveCfg = Release|Any CPU
		{06A1FB2B-BE20-4C5F-B170-C59B51049E71}.Release|Any CPU.Build.0 = Release|Any CPU
	EndGlobalSection
	GlobalSection(SolutionProperties) = preSolution
		HideSolutionNode = FALSE
	EndGlobalSection
	GlobalSection(ExtensibilityGlobals) = postSolution
		SolutionGuid = {EE478AAC-50E1-43A9-B857-95E09C55FCA2}
	EndGlobalSection
EndGlobal
